// !$*UTF8*$!
{
	archiveVersion = 1;
	classes = {
	};
	objectVersion = 56;
	objects = {

/* Begin PBXBuildFile section */
		FF302D962D10703400BB4AC8 /* WeatherAppApp.swift in Sources */ = {isa = PBXBuildFile; fileRef = FF302D952D10703400BB4AC8 /* WeatherAppApp.swift */; };
		FF302D9A2D10703500BB4AC8 /* Assets.xcassets in Resources */ = {isa = PBXBuildFile; fileRef = FF302D992D10703500BB4AC8 /* Assets.xcassets */; };
		FF302D9D2D10703500BB4AC8 /* Preview Assets.xcassets in Resources */ = {isa = PBXBuildFile; fileRef = FF302D9C2D10703500BB4AC8 /* Preview Assets.xcassets */; };
		FF302DC12D1073F900BB4AC8 /* LocationManager.swift in Sources */ = {isa = PBXBuildFile; fileRef = FF302DC02D1073F900BB4AC8 /* LocationManager.swift */; };
		FF302DC42D10771700BB4AC8 /* WelcomeView.swift in Sources */ = {isa = PBXBuildFile; fileRef = FF302DC32D10771700BB4AC8 /* WelcomeView.swift */; };
		FF302DC72D10801F00BB4AC8 /* ModelData.swift in Sources */ = {isa = PBXBuildFile; fileRef = FF302DC62D10801F00BB4AC8 /* ModelData.swift */; };
		FF302DC92D10802A00BB4AC8 /* WeatherData.swift in Sources */ = {isa = PBXBuildFile; fileRef = FF302DC82D10802A00BB4AC8 /* WeatherData.swift */; };
		FF302DCB2D1080FB00BB4AC8 /* WeatherView.swift in Sources */ = {isa = PBXBuildFile; fileRef = FF302DCA2D1080FB00BB4AC8 /* WeatherView.swift */; };
		FF302DCD2D10829800BB4AC8 /* LoadingView.swift in Sources */ = {isa = PBXBuildFile; fileRef = FF302DCC2D10829800BB4AC8 /* LoadingView.swift */; };
		FF302DD02D10893D00BB4AC8 /* ContentView.swift in Sources */ = {isa = PBXBuildFile; fileRef = FF302D972D10703400BB4AC8 /* ContentView.swift */; };
		FF302DD22D108B8700BB4AC8 /* WeatherManager.swift in Sources */ = {isa = PBXBuildFile; fileRef = FF302DD12D108B8700BB4AC8 /* WeatherManager.swift */; };
/* End PBXBuildFile section */

/* Begin PBXContainerItemProxy section */
		FF302DA32D10703500BB4AC8 /* PBXContainerItemProxy */ = {
			isa = PBXContainerItemProxy;
			containerPortal = FF302D8A2D10703300BB4AC8 /* Project object */;
			proxyType = 1;
			remoteGlobalIDString = FF302D912D10703300BB4AC8;
			remoteInfo = WeatherApp;
		};
		FF302DAD2D10703500BB4AC8 /* PBXContainerItemProxy */ = {
			isa = PBXContainerItemProxy;
			containerPortal = FF302D8A2D10703300BB4AC8 /* Project object */;
			proxyType = 1;
			remoteGlobalIDString = FF302D912D10703300BB4AC8;
			remoteInfo = WeatherApp;
		};
/* End PBXContainerItemProxy section */

/* Begin PBXFileReference section */
		FF302D922D10703400BB4AC8 /* WeatherApp.app */ = {isa = PBXFileReference; explicitFileType = wrapper.application; includeInIndex = 0; path = WeatherApp.app; sourceTree = BUILT_PRODUCTS_DIR; };
		FF302D952D10703400BB4AC8 /* WeatherAppApp.swift */ = {isa = PBXFileReference; lastKnownFileType = sourcecode.swift; path = WeatherAppApp.swift; sourceTree = "<group>"; };
		FF302D972D10703400BB4AC8 /* ContentView.swift */ = {isa = PBXFileReference; lastKnownFileType = sourcecode.swift; path = ContentView.swift; sourceTree = "<group>"; };
		FF302D992D10703500BB4AC8 /* Assets.xcassets */ = {isa = PBXFileReference; lastKnownFileType = folder.assetcatalog; path = Assets.xcassets; sourceTree = "<group>"; };
		FF302D9C2D10703500BB4AC8 /* Preview Assets.xcassets */ = {isa = PBXFileReference; lastKnownFileType = folder.assetcatalog; path = "Preview Assets.xcassets"; sourceTree = "<group>"; };
		FF302DA22D10703500BB4AC8 /* WeatherAppTests.xctest */ = {isa = PBXFileReference; explicitFileType = wrapper.cfbundle; includeInIndex = 0; path = WeatherAppTests.xctest; sourceTree = BUILT_PRODUCTS_DIR; };
		FF302DAC2D10703500BB4AC8 /* WeatherAppUITests.xctest */ = {isa = PBXFileReference; explicitFileType = wrapper.cfbundle; includeInIndex = 0; path = WeatherAppUITests.xctest; sourceTree = BUILT_PRODUCTS_DIR; };
		FF302DC02D1073F900BB4AC8 /* LocationManager.swift */ = {isa = PBXFileReference; lastKnownFileType = sourcecode.swift; path = LocationManager.swift; sourceTree = "<group>"; };
		FF302DC32D10771700BB4AC8 /* WelcomeView.swift */ = {isa = PBXFileReference; lastKnownFileType = sourcecode.swift; path = WelcomeView.swift; sourceTree = "<group>"; };
		FF302DC62D10801F00BB4AC8 /* ModelData.swift */ = {isa = PBXFileReference; lastKnownFileType = sourcecode.swift; path = ModelData.swift; sourceTree = "<group>"; };
		FF302DC82D10802A00BB4AC8 /* WeatherData.swift */ = {isa = PBXFileReference; lastKnownFileType = sourcecode.swift; path = WeatherData.swift; sourceTree = "<group>"; };
		FF302DCA2D1080FB00BB4AC8 /* WeatherView.swift */ = {isa = PBXFileReference; lastKnownFileType = sourcecode.swift; path = WeatherView.swift; sourceTree = "<group>"; };
		FF302DCC2D10829800BB4AC8 /* LoadingView.swift */ = {isa = PBXFileReference; lastKnownFileType = sourcecode.swift; path = LoadingView.swift; sourceTree = "<group>"; };
		FF302DD12D108B8700BB4AC8 /* WeatherManager.swift */ = {isa = PBXFileReference; lastKnownFileType = sourcecode.swift; path = WeatherManager.swift; sourceTree = "<group>"; };
/* End PBXFileReference section */

/* Begin PBXFrameworksBuildPhase section */
		FF302D8F2D10703300BB4AC8 /* Frameworks */ = {
			isa = PBXFrameworksBuildPhase;
			buildActionMask = 2147483647;
			files = (
			);
			runOnlyForDeploymentPostprocessing = 0;
		};
		FF302D9F2D10703500BB4AC8 /* Frameworks */ = {
			isa = PBXFrameworksBuildPhase;
			buildActionMask = 2147483647;
			files = (
			);
			runOnlyForDeploymentPostprocessing = 0;
		};
		FF302DA92D10703500BB4AC8 /* Frameworks */ = {
			isa = PBXFrameworksBuildPhase;
			buildActionMask = 2147483647;
			files = (
			);
			runOnlyForDeploymentPostprocessing = 0;
		};
/* End PBXFrameworksBuildPhase section */

/* Begin PBXGroup section */
		FF302D892D10703300BB4AC8 = {
			isa = PBXGroup;
			children = (
				FF302D942D10703400BB4AC8 /* WeatherApp */,
				FF302D932D10703400BB4AC8 /* Products */,
			);
			sourceTree = "<group>";
		};
		FF302D932D10703400BB4AC8 /* Products */ = {
			isa = PBXGroup;
			children = (
				FF302D922D10703400BB4AC8 /* WeatherApp.app */,
				FF302DA22D10703500BB4AC8 /* WeatherAppTests.xctest */,
				FF302DAC2D10703500BB4AC8 /* WeatherAppUITests.xctest */,
			);
			name = Products;
			sourceTree = "<group>";
		};
		FF302D942D10703400BB4AC8 /* WeatherApp */ = {
			isa = PBXGroup;
			children = (
				FF302DC52D107FF200BB4AC8 /* PreviewContent */,
				FF302DC22D10757B00BB4AC8 /* Views */,
				FF302DBF2D1073E700BB4AC8 /* Managers */,
				FF302D952D10703400BB4AC8 /* WeatherAppApp.swift */,
				FF302D992D10703500BB4AC8 /* Assets.xcassets */,
				FF302D9B2D10703500BB4AC8 /* Preview Content */,
			);
			path = WeatherApp;
			sourceTree = "<group>";
		};
		FF302D9B2D10703500BB4AC8 /* Preview Content */ = {
			isa = PBXGroup;
			children = (
				FF302D9C2D10703500BB4AC8 /* Preview Assets.xcassets */,
			);
			path = "Preview Content";
			sourceTree = "<group>";
		};
		FF302DBF2D1073E700BB4AC8 /* Managers */ = {
			isa = PBXGroup;
			children = (
				FF302DC02D1073F900BB4AC8 /* LocationManager.swift */,
				FF302DD12D108B8700BB4AC8 /* WeatherManager.swift */,
			);
			path = Managers;
			sourceTree = "<group>";
		};
		FF302DC22D10757B00BB4AC8 /* Views */ = {
			isa = PBXGroup;
			children = (
				FF302D972D10703400BB4AC8 /* ContentView.swift */,
				FF302DC32D10771700BB4AC8 /* WelcomeView.swift */,
				FF302DCA2D1080FB00BB4AC8 /* WeatherView.swift */,
				FF302DCC2D10829800BB4AC8 /* LoadingView.swift */,
			);
			path = Views;
			sourceTree = "<group>";
		};
		FF302DC52D107FF200BB4AC8 /* PreviewContent */ = {
			isa = PBXGroup;
			children = (
				FF302DC62D10801F00BB4AC8 /* ModelData.swift */,
				FF302DC82D10802A00BB4AC8 /* WeatherData.swift */,
			);
			path = PreviewContent;
			sourceTree = "<group>";
		};
/* End PBXGroup section */

/* Begin PBXNativeTarget section */
		FF302D912D10703300BB4AC8 /* WeatherApp */ = {
			isa = PBXNativeTarget;
			buildConfigurationList = FF302DB62D10703500BB4AC8 /* Build configuration list for PBXNativeTarget "WeatherApp" */;
			buildPhases = (
				FF302D8E2D10703300BB4AC8 /* Sources */,
				FF302D8F2D10703300BB4AC8 /* Frameworks */,
				FF302D902D10703300BB4AC8 /* Resources */,
			);
			buildRules = (
			);
			dependencies = (
			);
			name = WeatherApp;
			productName = WeatherApp;
			productReference = FF302D922D10703400BB4AC8 /* WeatherApp.app */;
			productType = "com.apple.product-type.application";
		};
		FF302DA12D10703500BB4AC8 /* WeatherAppTests */ = {
			isa = PBXNativeTarget;
			buildConfigurationList = FF302DB92D10703500BB4AC8 /* Build configuration list for PBXNativeTarget "WeatherAppTests" */;
			buildPhases = (
				FF302D9E2D10703500BB4AC8 /* Sources */,
				FF302D9F2D10703500BB4AC8 /* Frameworks */,
				FF302DA02D10703500BB4AC8 /* Resources */,
			);
			buildRules = (
			);
			dependencies = (
				FF302DA42D10703500BB4AC8 /* PBXTargetDependency */,
			);
			name = WeatherAppTests;
			productName = WeatherAppTests;
			productReference = FF302DA22D10703500BB4AC8 /* WeatherAppTests.xctest */;
			productType = "com.apple.product-type.bundle.unit-test";
		};
		FF302DAB2D10703500BB4AC8 /* WeatherAppUITests */ = {
			isa = PBXNativeTarget;
			buildConfigurationList = FF302DBC2D10703500BB4AC8 /* Build configuration list for PBXNativeTarget "WeatherAppUITests" */;
			buildPhases = (
				FF302DA82D10703500BB4AC8 /* Sources */,
				FF302DA92D10703500BB4AC8 /* Frameworks */,
				FF302DAA2D10703500BB4AC8 /* Resources */,
			);
			buildRules = (
			);
			dependencies = (
				FF302DAE2D10703500BB4AC8 /* PBXTargetDependency */,
			);
			name = WeatherAppUITests;
			productName = WeatherAppUITests;
			productReference = FF302DAC2D10703500BB4AC8 /* WeatherAppUITests.xctest */;
			productType = "com.apple.product-type.bundle.ui-testing";
		};
/* End PBXNativeTarget section */

/* Begin PBXProject section */
		FF302D8A2D10703300BB4AC8 /* Project object */ = {
			isa = PBXProject;
			attributes = {
				BuildIndependentTargetsInParallel = 1;
				LastSwiftUpdateCheck = 1540;
				LastUpgradeCheck = 1540;
				TargetAttributes = {
					FF302D912D10703300BB4AC8 = {
						CreatedOnToolsVersion = 15.4;
					};
					FF302DA12D10703500BB4AC8 = {
						CreatedOnToolsVersion = 15.4;
						TestTargetID = FF302D912D10703300BB4AC8;
					};
					FF302DAB2D10703500BB4AC8 = {
						CreatedOnToolsVersion = 15.4;
						TestTargetID = FF302D912D10703300BB4AC8;
					};
				};
			};
			buildConfigurationList = FF302D8D2D10703300BB4AC8 /* Build configuration list for PBXProject "WeatherApp" */;
			compatibilityVersion = "Xcode 14.0";
			developmentRegion = en;
			hasScannedForEncodings = 0;
			knownRegions = (
				en,
				Base,
			);
			mainGroup = FF302D892D10703300BB4AC8;
			productRefGroup = FF302D932D10703400BB4AC8 /* Products */;
			projectDirPath = "";
			projectRoot = "";
			targets = (
				FF302D912D10703300BB4AC8 /* WeatherApp */,
				FF302DA12D10703500BB4AC8 /* WeatherAppTests */,
				FF302DAB2D10703500BB4AC8 /* WeatherAppUITests */,
			);
		};
/* End PBXProject section */

/* Begin PBXResourcesBuildPhase section */
		FF302D902D10703300BB4AC8 /* Resources */ = {
			isa = PBXResourcesBuildPhase;
			buildActionMask = 2147483647;
			files = (
				FF302D9D2D10703500BB4AC8 /* Preview Assets.xcassets in Resources */,
				FF302D9A2D10703500BB4AC8 /* Assets.xcassets in Resources */,
			);
			runOnlyForDeploymentPostprocessing = 0;
		};
		FF302DA02D10703500BB4AC8 /* Resources */ = {
			isa = PBXResourcesBuildPhase;
			buildActionMask = 2147483647;
			files = (
			);
			runOnlyForDeploymentPostprocessing = 0;
		};
		FF302DAA2D10703500BB4AC8 /* Resources */ = {
			isa = PBXResourcesBuildPhase;
			buildActionMask = 2147483647;
			files = (
			);
			runOnlyForDeploymentPostprocessing = 0;
		};
/* End PBXResourcesBuildPhase section */

/* Begin PBXSourcesBuildPhase section */
		FF302D8E2D10703300BB4AC8 /* Sources */ = {
			isa = PBXSourcesBuildPhase;
			buildActionMask = 2147483647;
			files = (
				FF302D962D10703400BB4AC8 /* WeatherAppApp.swift in Sources */,
				FF302DC72D10801F00BB4AC8 /* ModelData.swift in Sources */,
				FF302DD02D10893D00BB4AC8 /* ContentView.swift in Sources */,
				FF302DC12D1073F900BB4AC8 /* LocationManager.swift in Sources */,
				FF302DC92D10802A00BB4AC8 /* WeatherData.swift in Sources */,
				FF302DCD2D10829800BB4AC8 /* LoadingView.swift in Sources */,
				FF302DD22D108B8700BB4AC8 /* WeatherManager.swift in Sources */,
				FF302DCB2D1080FB00BB4AC8 /* WeatherView.swift in Sources */,
				FF302DC42D10771700BB4AC8 /* WelcomeView.swift in Sources */,
			);
			runOnlyForDeploymentPostprocessing = 0;
		};
		FF302D9E2D10703500BB4AC8 /* Sources */ = {
			isa = PBXSourcesBuildPhase;
			buildActionMask = 2147483647;
			files = (
			);
			runOnlyForDeploymentPostprocessing = 0;
		};
		FF302DA82D10703500BB4AC8 /* Sources */ = {
			isa = PBXSourcesBuildPhase;
			buildActionMask = 2147483647;
			files = (
			);
			runOnlyForDeploymentPostprocessing = 0;
		};
/* End PBXSourcesBuildPhase section */

/* Begin PBXTargetDependency section */
		FF302DA42D10703500BB4AC8 /* PBXTargetDependency */ = {
			isa = PBXTargetDependency;
			target = FF302D912D10703300BB4AC8 /* WeatherApp */;
			targetProxy = FF302DA32D10703500BB4AC8 /* PBXContainerItemProxy */;
		};
		FF302DAE2D10703500BB4AC8 /* PBXTargetDependency */ = {
			isa = PBXTargetDependency;
			target = FF302D912D10703300BB4AC8 /* WeatherApp */;
			targetProxy = FF302DAD2D10703500BB4AC8 /* PBXContainerItemProxy */;
		};
/* End PBXTargetDependency section */

/* Begin XCBuildConfiguration section */
		FF302DB42D10703500BB4AC8 /* Debug */ = {
			isa = XCBuildConfiguration;
			buildSettings = {
				ALWAYS_SEARCH_USER_PATHS = NO;
				ASSETCATALOG_COMPILER_GENERATE_SWIFT_ASSET_SYMBOL_EXTENSIONS = YES;
				CLANG_ANALYZER_NONNULL = YES;
				CLANG_ANALYZER_NUMBER_OBJECT_CONVERSION = YES_AGGRESSIVE;
				CLANG_CXX_LANGUAGE_STANDARD = "gnu++20";
				CLANG_ENABLE_MODULES = YES;
				CLANG_ENABLE_OBJC_ARC = YES;
				CLANG_ENABLE_OBJC_WEAK = YES;
				CLANG_WARN_BLOCK_CAPTURE_AUTORELEASING = YES;
				CLANG_WARN_BOOL_CONVERSION = YES;
				CLANG_WARN_COMMA = YES;
				CLANG_WARN_CONSTANT_CONVERSION = YES;
				CLANG_WARN_DEPRECATED_OBJC_IMPLEMENTATIONS = YES;
				CLANG_WARN_DIRECT_OBJC_ISA_USAGE = YES_ERROR;
				CLANG_WARN_DOCUMENTATION_COMMENTS = YES;
				CLANG_WARN_EMPTY_BODY = YES;
				CLANG_WARN_ENUM_CONVERSION = YES;
				CLANG_WARN_INFINITE_RECURSION = YES;
				CLANG_WARN_INT_CONVERSION = YES;
				CLANG_WARN_NON_LITERAL_NULL_CONVERSION = YES;
				CLANG_WARN_OBJC_IMPLICIT_RETAIN_SELF = YES;
				CLANG_WARN_OBJC_LITERAL_CONVERSION = YES;
				CLANG_WARN_OBJC_ROOT_CLASS = YES_ERROR;
				CLANG_WARN_QUOTED_INCLUDE_IN_FRAMEWORK_HEADER = YES;
				CLANG_WARN_RANGE_LOOP_ANALYSIS = YES;
				CLANG_WARN_STRICT_PROTOTYPES = YES;
				CLANG_WARN_SUSPICIOUS_MOVE = YES;
				CLANG_WARN_UNGUARDED_AVAILABILITY = YES_AGGRESSIVE;
				CLANG_WARN_UNREACHABLE_CODE = YES;
				CLANG_WARN__DUPLICATE_METHOD_MATCH = YES;
				COPY_PHASE_STRIP = NO;
				DEBUG_INFORMATION_FORMAT = dwarf;
				ENABLE_STRICT_OBJC_MSGSEND = YES;
				ENABLE_TESTABILITY = YES;
				ENABLE_USER_SCRIPT_SANDBOXING = YES;
				GCC_C_LANGUAGE_STANDARD = gnu17;
				GCC_DYNAMIC_NO_PIC = NO;
				GCC_NO_COMMON_BLOCKS = YES;
				GCC_OPTIMIZATION_LEVEL = 0;
				GCC_PREPROCESSOR_DEFINITIONS = (
					"DEBUG=1",
					"$(inherited)",
				);
				GCC_WARN_64_TO_32_BIT_CONVERSION = YES;
				GCC_WARN_ABOUT_RETURN_TYPE = YES_ERROR;
				GCC_WARN_UNDECLARED_SELECTOR = YES;
				GCC_WARN_UNINITIALIZED_AUTOS = YES_AGGRESSIVE;
				GCC_WARN_UNUSED_FUNCTION = YES;
				GCC_WARN_UNUSED_VARIABLE = YES;
				IPHONEOS_DEPLOYMENT_TARGET = 17.5;
				LOCALIZATION_PREFERS_STRING_CATALOGS = YES;
				MTL_ENABLE_DEBUG_INFO = INCLUDE_SOURCE;
				MTL_FAST_MATH = YES;
				ONLY_ACTIVE_ARCH = YES;
				SDKROOT = iphoneos;
				SWIFT_ACTIVE_COMPILATION_CONDITIONS = "DEBUG $(inherited)";
				SWIFT_OPTIMIZATION_LEVEL = "-Onone";
			};
			name = Debug;
		};
		FF302DB52D10703500BB4AC8 /* Release */ = {
			isa = XCBuildConfiguration;
			buildSettings = {
				ALWAYS_SEARCH_USER_PATHS = NO;
				ASSETCATALOG_COMPILER_GENERATE_SWIFT_ASSET_SYMBOL_EXTENSIONS = YES;
				CLANG_ANALYZER_NONNULL = YES;
				CLANG_ANALYZER_NUMBER_OBJECT_CONVERSION = YES_AGGRESSIVE;
				CLANG_CXX_LANGUAGE_STANDARD = "gnu++20";
				CLANG_ENABLE_MODULES = YES;
				CLANG_ENABLE_OBJC_ARC = YES;
				CLANG_ENABLE_OBJC_WEAK = YES;
				CLANG_WARN_BLOCK_CAPTURE_AUTORELEASING = YES;
				CLANG_WARN_BOOL_CONVERSION = YES;
				CLANG_WARN_COMMA = YES;
				CLANG_WARN_CONSTANT_CONVERSION = YES;
				CLANG_WARN_DEPRECATED_OBJC_IMPLEMENTATIONS = YES;
				CLANG_WARN_DIRECT_OBJC_ISA_USAGE = YES_ERROR;
				CLANG_WARN_DOCUMENTATION_COMMENTS = YES;
				CLANG_WARN_EMPTY_BODY = YES;
				CLANG_WARN_ENUM_CONVERSION = YES;
				CLANG_WARN_INFINITE_RECURSION = YES;
				CLANG_WARN_INT_CONVERSION = YES;
				CLANG_WARN_NON_LITERAL_NULL_CONVERSION = YES;
				CLANG_WARN_OBJC_IMPLICIT_RETAIN_SELF = YES;
				CLANG_WARN_OBJC_LITERAL_CONVERSION = YES;
				CLANG_WARN_OBJC_ROOT_CLASS = YES_ERROR;
				CLANG_WARN_QUOTED_INCLUDE_IN_FRAMEWORK_HEADER = YES;
				CLANG_WARN_RANGE_LOOP_ANALYSIS = YES;
				CLANG_WARN_STRICT_PROTOTYPES = YES;
				CLANG_WARN_SUSPICIOUS_MOVE = YES;
				CLANG_WARN_UNGUARDED_AVAILABILITY = YES_AGGRESSIVE;
				CLANG_WARN_UNREACHABLE_CODE = YES;
				CLANG_WARN__DUPLICATE_METHOD_MATCH = YES;
				COPY_PHASE_STRIP = NO;
				DEBUG_INFORMATION_FORMAT = "dwarf-with-dsym";
				ENABLE_NS_ASSERTIONS = NO;
				ENABLE_STRICT_OBJC_MSGSEND = YES;
				ENABLE_USER_SCRIPT_SANDBOXING = YES;
				GCC_C_LANGUAGE_STANDARD = gnu17;
				GCC_NO_COMMON_BLOCKS = YES;
				GCC_WARN_64_TO_32_BIT_CONVERSION = YES;
				GCC_WARN_ABOUT_RETURN_TYPE = YES_ERROR;
				GCC_WARN_UNDECLARED_SELECTOR = YES;
				GCC_WARN_UNINITIALIZED_AUTOS = YES_AGGRESSIVE;
				GCC_WARN_UNUSED_FUNCTION = YES;
				GCC_WARN_UNUSED_VARIABLE = YES;
				IPHONEOS_DEPLOYMENT_TARGET = 17.5;
				LOCALIZATION_PREFERS_STRING_CATALOGS = YES;
				MTL_ENABLE_DEBUG_INFO = NO;
				MTL_FAST_MATH = YES;
				SDKROOT = iphoneos;
				SWIFT_COMPILATION_MODE = wholemodule;
				VALIDATE_PRODUCT = YES;
			};
			name = Release;
		};
		FF302DB72D10703500BB4AC8 /* Debug */ = {
			isa = XCBuildConfiguration;
			buildSettings = {
				ASSETCATALOG_COMPILER_APPICON_NAME = AppIcon;
				ASSETCATALOG_COMPILER_GLOBAL_ACCENT_COLOR_NAME = AccentColor;
				CODE_SIGN_STYLE = Automatic;
				CURRENT_PROJECT_VERSION = 1;
				DEVELOPMENT_ASSET_PATHS = "\"WeatherApp/Preview Content\"";
				DEVELOPMENT_TEAM = 923ALFS3GK;
				ENABLE_PREVIEWS = YES;
				GENERATE_INFOPLIST_FILE = YES;
				INFOPLIST_KEY_UIApplicationSceneManifest_Generation = YES;
				INFOPLIST_KEY_UIApplicationSupportsIndirectInputEvents = YES;
				INFOPLIST_KEY_UILaunchScreen_Generation = YES;
				INFOPLIST_KEY_UISupportedInterfaceOrientations_iPad = "UIInterfaceOrientationPortrait UIInterfaceOrientationPortraitUpsideDown UIInterfaceOrientationLandscapeLeft UIInterfaceOrientationLandscapeRight";
				INFOPLIST_KEY_UISupportedInterfaceOrientations_iPhone = "UIInterfaceOrientationPortrait UIInterfaceOrientationLandscapeLeft UIInterfaceOrientationLandscapeRight";
				LD_RUNPATH_SEARCH_PATHS = (
					"$(inherited)",
					"@executable_path/Frameworks",
				);
				MARKETING_VERSION = 1.0;
				PRODUCT_BUNDLE_IDENTIFIER = l.WeatherApp;
				PRODUCT_NAME = "$(TARGET_NAME)";
				SWIFT_EMIT_LOC_STRINGS = YES;
				SWIFT_VERSION = 5.0;
				TARGETED_DEVICE_FAMILY = "1,2";
			};
			name = Debug;
		};
		FF302DB82D10703500BB4AC8 /* Release */ = {
			isa = XCBuildConfiguration;
			buildSettings = {
				ASSETCATALOG_COMPILER_APPICON_NAME = AppIcon;
				ASSETCATALOG_COMPILER_GLOBAL_ACCENT_COLOR_NAME = AccentColor;
				CODE_SIGN_STYLE = Automatic;
				CURRENT_PROJECT_VERSION = 1;
				DEVELOPMENT_ASSET_PATHS = "\"WeatherApp/Preview Content\"";
				DEVELOPMENT_TEAM = 923ALFS3GK;
				ENABLE_PREVIEWS = YES;
				GENERATE_INFOPLIST_FILE = YES;
				INFOPLIST_KEY_UIApplicationSceneManifest_Generation = YES;
				INFOPLIST_KEY_UIApplicationSupportsIndirectInputEvents = YES;
				INFOPLIST_KEY_UILaunchScreen_Generation = YES;
				INFOPLIST_KEY_UISupportedInterfaceOrientations_iPad = "UIInterfaceOrientationPortrait UIInterfaceOrientationPortraitUpsideDown UIInterfaceOrientationLandscapeLeft UIInterfaceOrientationLandscapeRight";
				INFOPLIST_KEY_UISupportedInterfaceOrientations_iPhone = "UIInterfaceOrientationPortrait UIInterfaceOrientationLandscapeLeft UIInterfaceOrientationLandscapeRight";
				LD_RUNPATH_SEARCH_PATHS = (
					"$(inherited)",
					"@executable_path/Frameworks",
				);
				MARKETING_VERSION = 1.0;
				PRODUCT_BUNDLE_IDENTIFIER = l.WeatherApp;
				PRODUCT_NAME = "$(TARGET_NAME)";
				SWIFT_EMIT_LOC_STRINGS = YES;
				SWIFT_VERSION = 5.0;
				TARGETED_DEVICE_FAMILY = "1,2";
			};
			name = Release;
		};
		FF302DBA2D10703500BB4AC8 /* Debug */ = {
			isa = XCBuildConfiguration;
			buildSettings = {
				ALWAYS_EMBED_SWIFT_STANDARD_LIBRARIES = YES;
				BUNDLE_LOADER = "$(TEST_HOST)";
				CODE_SIGN_STYLE = Automatic;
				CURRENT_PROJECT_VERSION = 1;
				GENERATE_INFOPLIST_FILE = YES;
				IPHONEOS_DEPLOYMENT_TARGET = 17.5;
				MARKETING_VERSION = 1.0;
				PRODUCT_BUNDLE_IDENTIFIER = l.WeatherAppTests;
				PRODUCT_NAME = "$(TARGET_NAME)";
				SWIFT_EMIT_LOC_STRINGS = NO;
				SWIFT_VERSION = 5.0;
				TARGETED_DEVICE_FAMILY = "1,2";
				TEST_HOST = "$(BUILT_PRODUCTS_DIR)/WeatherApp.app/$(BUNDLE_EXECUTABLE_FOLDER_PATH)/WeatherApp";
			};
			name = Debug;
		};
		FF302DBB2D10703500BB4AC8 /* Release */ = {
			isa = XCBuildConfiguration;
			buildSettings = {
				ALWAYS_EMBED_SWIFT_STANDARD_LIBRARIES = YES;
				BUNDLE_LOADER = "$(TEST_HOST)";
				CODE_SIGN_STYLE = Automatic;
				CURRENT_PROJECT_VERSION = 1;
				GENERATE_INFOPLIST_FILE = YES;
				IPHONEOS_DEPLOYMENT_TARGET = 17.5;
				MARKETING_VERSION = 1.0;
				PRODUCT_BUNDLE_IDENTIFIER = l.WeatherAppTests;
				PRODUCT_NAME = "$(TARGET_NAME)";
				SWIFT_EMIT_LOC_STRINGS = NO;
				SWIFT_VERSION = 5.0;
				TARGETED_DEVICE_FAMILY = "1,2";
				TEST_HOST = "$(BUILT_PRODUCTS_DIR)/WeatherApp.app/$(BUNDLE_EXECUTABLE_FOLDER_PATH)/WeatherApp";
			};
			name = Release;
		};
		FF302DBD2D10703500BB4AC8 /* Debug */ = {
			isa = XCBuildConfiguration;
			buildSettings = {
				ALWAYS_EMBED_SWIFT_STANDARD_LIBRARIES = YES;
				CODE_SIGN_STYLE = Automatic;
				CURRENT_PROJECT_VERSION = 1;
				GENERATE_INFOPLIST_FILE = YES;
				MARKETING_VERSION = 1.0;
				PRODUCT_BUNDLE_IDENTIFIER = l.WeatherAppUITests;
				PRODUCT_NAME = "$(TARGET_NAME)";
				SWIFT_EMIT_LOC_STRINGS = NO;
				SWIFT_VERSION = 5.0;
				TARGETED_DEVICE_FAMILY = "1,2";
				TEST_TARGET_NAME = WeatherApp;
			};
			name = Debug;
		};
		FF302DBE2D10703500BB4AC8 /* Release */ = {
			isa = XCBuildConfiguration;
			buildSettings = {
				ALWAYS_EMBED_SWIFT_STANDARD_LIBRARIES = YES;
				CODE_SIGN_STYLE = Automatic;
				CURRENT_PROJECT_VERSION = 1;
				GENERATE_INFOPLIST_FILE = YES;
				MARKETING_VERSION = 1.0;
				PRODUCT_BUNDLE_IDENTIFIER = l.WeatherAppUITests;
				PRODUCT_NAME = "$(TARGET_NAME)";
				SWIFT_EMIT_LOC_STRINGS = NO;
				SWIFT_VERSION = 5.0;
				TARGETED_DEVICE_FAMILY = "1,2";
				TEST_TARGET_NAME = WeatherApp;
			};
			name = Release;
		};
/* End XCBuildConfiguration section */

/* Begin XCConfigurationList section */
		FF302D8D2D10703300BB4AC8 /* Build configuration list for PBXProject "WeatherApp" */ = {
			isa = XCConfigurationList;
			buildConfigurations = (
				FF302DB42D10703500BB4AC8 /* Debug */,
				FF302DB52D10703500BB4AC8 /* Release */,
			);
			defaultConfigurationIsVisible = 0;
			defaultConfigurationName = Release;
		};
		FF302DB62D10703500BB4AC8 /* Build configuration list for PBXNativeTarget "WeatherApp" */ = {
			isa = XCConfigurationList;
			buildConfigurations = (
				FF302DB72D10703500BB4AC8 /* Debug */,
				FF302DB82D10703500BB4AC8 /* Release */,
			);
			defaultConfigurationIsVisible = 0;
			defaultConfigurationName = Release;
		};
		FF302DB92D10703500BB4AC8 /* Build configuration list for PBXNativeTarget "WeatherAppTests" */ = {
			isa = XCConfigurationList;
			buildConfigurations = (
				FF302DBA2D10703500BB4AC8 /* Debug */,
				FF302DBB2D10703500BB4AC8 /* Release */,
			);
			defaultConfigurationIsVisible = 0;
			defaultConfigurationName = Release;
		};
		FF302DBC2D10703500BB4AC8 /* Build configuration list for PBXNativeTarget "WeatherAppUITests" */ = {
			isa = XCConfigurationList;
			buildConfigurations = (
				FF302DBD2D10703500BB4AC8 /* Debug */,
				FF302DBE2D10703500BB4AC8 /* Release */,
			);
			defaultConfigurationIsVisible = 0;
			defaultConfigurationName = Release;
		};
/* End XCConfigurationList section */
	};
	rootObject = FF302D8A2D10703300BB4AC8 /* Project object */;
}
